
Microsoft Visual Studio Solution File, Format Version 12.00
# Visual Studio Version 16
VisualStudioVersion = 16.0.31205.134
MinimumVisualStudioVersion = 10.0.40219.1
Project("{8BC9CEB8-8B4A-11D0-8D11-00A0C91BC942}") = "task5_user_ids", "task5_user_ids\task5_user_ids.vcxproj", "{65480EEE-3CC7-48CA-87E2-51D2D3AED45C}"
EndProject
Project("{8BC9CEB8-8B4A-11D0-8D11-00A0C91BC942}") = "task2_cars_and_positions", "task2_cars_and_positions\aufgaben_erste_vorlesung.vcxproj", "{6D50BA87-B4F6-42D8-812B-5D4D04039DB2}"
EndProject
Project("{8BC9CEB8-8B4A-11D0-8D11-00A0C91BC942}") = "task1_employees", "task1_employees\employees.vcxproj", "{86EA6DF2-D7CF-45C2-9A95-3DBA6592CA23}"
EndProject
Project("{8BC9CEB8-8B4A-11D0-8D11-00A0C91BC942}") = "task3_greetings", "task3_greetings\greetings.vcxproj", "{82E6C27B-28A6-45A5-BF88-7AD9949ADD52}"
EndProject
Project("{8BC9CEB8-8B4A-11D0-8D11-00A0C91BC942}") = "task4_places", "task4_places\places.vcxproj", "{5ADB6833-44B0-4A16-9957-EE7FC392C5D5}"
EndProject
Project("{8BC9CEB8-8B4A-11D0-8D11-00A0C91BC942}") = "task8_vectoren", "task8_vectoren\task8_vectoren.vcxproj", "{A9828B45-8719-4323-BB2D-4DAE65E20B92}"
EndProject
Global
	GlobalSection(SolutionConfigurationPlatforms) = preSolution
		Debug|x64 = Debug|x64
		Debug|x86 = Debug|x86
		Release|x64 = Release|x64
		Release|x86 = Release|x86
	EndGlobalSection
	GlobalSection(ProjectConfigurationPlatforms) = postSolution
		{65480EEE-3CC7-48CA-87E2-51D2D3AED45C}.Debug|x64.ActiveCfg = Debug|x64
		{65480EEE-3CC7-48CA-87E2-51D2D3AED45C}.Debug|x64.Build.0 = Debug|x64
		{65480EEE-3CC7-48CA-87E2-51D2D3AED45C}.Debug|x86.ActiveCfg = Debug|Win32
		{65480EEE-3CC7-48CA-87E2-51D2D3AED45C}.Debug|x86.Build.0 = Debug|Win32
		{65480EEE-3CC7-48CA-87E2-51D2D3AED45C}.Release|x64.ActiveCfg = Release|x64
		{65480EEE-3CC7-48CA-87E2-51D2D3AED45C}.Release|x64.Build.0 = Release|x64
		{65480EEE-3CC7-48CA-87E2-51D2D3AED45C}.Release|x86.ActiveCfg = Release|Win32
		{65480EEE-3CC7-48CA-87E2-51D2D3AED45C}.Release|x86.Build.0 = Release|Win32
		{6D50BA87-B4F6-42D8-812B-5D4D04039DB2}.Debug|x64.ActiveCfg = Debug|x64
		{6D50BA87-B4F6-42D8-812B-5D4D04039DB2}.Debug|x64.Build.0 = Debug|x64
		{6D50BA87-B4F6-42D8-812B-5D4D04039DB2}.Debug|x86.ActiveCfg = Debug|Win32
		{6D50BA87-B4F6-42D8-812B-5D4D04039DB2}.Debug|x86.Build.0 = Debug|Win32
		{6D50BA87-B4F6-42D8-812B-5D4D04039DB2}.Release|x64.ActiveCfg = Release|x64
		{6D50BA87-B4F6-42D8-812B-5D4D04039DB2}.Release|x64.Build.0 = Release|x64
		{6D50BA87-B4F6-42D8-812B-5D4D04039DB2}.Release|x86.ActiveCfg = Release|Win32
		{6D50BA87-B4F6-42D8-812B-5D4D04039DB2}.Release|x86.Build.0 = Release|Win32
		{86EA6DF2-D7CF-45C2-9A95-3DBA6592CA23}.Debug|x64.ActiveCfg = Debug|x64
		{86EA6DF2-D7CF-45C2-9A95-3DBA6592CA23}.Debug|x64.Build.0 = Debug|x64
		{86EA6DF2-D7CF-45C2-9A95-3DBA6592CA23}.Debug|x86.ActiveCfg = Debug|Win32
		{86EA6DF2-D7CF-45C2-9A95-3DBA6592CA23}.Debug|x86.Build.0 = Debug|Win32
		{86EA6DF2-D7CF-45C2-9A95-3DBA6592CA23}.Release|x64.ActiveCfg = Release|x64
		{86EA6DF2-D7CF-45C2-9A95-3DBA6592CA23}.Release|x64.Build.0 = Release|x64
		{86EA6DF2-D7CF-45C2-9A95-3DBA6592CA23}.Release|x86.ActiveCfg = Release|Win32
		{86EA6DF2-D7CF-45C2-9A95-3DBA6592CA23}.Release|x86.Build.0 = Release|Win32
		{82E6C27B-28A6-45A5-BF88-7AD9949ADD52}.Debug|x64.ActiveCfg = Debug|x64
		{82E6C27B-28A6-45A5-BF88-7AD9949ADD52}.Debug|x64.Build.0 = Debug|x64
		{82E6C27B-28A6-45A5-BF88-7AD9949ADD52}.Debug|x86.ActiveCfg = Debug|Win32
		{82E6C27B-28A6-45A5-BF88-7AD9949ADD52}.Debug|x86.Build.0 = Debug|Win32
		{82E6C27B-28A6-45A5-BF88-7AD9949ADD52}.Release|x64.ActiveCfg = Release|x64
		{82E6C27B-28A6-45A5-BF88-7AD9949ADD52}.Release|x64.Build.0 = Release|x64
		{82E6C27B-28A6-45A5-BF88-7AD9949ADD52}.Release|x86.ActiveCfg = Release|Win32
		{82E6C27B-28A6-45A5-BF88-7AD9949ADD52}.Release|x86.Build.0 = Release|Win32
		{5ADB6833-44B0-4A16-9957-EE7FC392C5D5}.Debug|x64.ActiveCfg = Debug|x64
		{5ADB6833-44B0-4A16-9957-EE7FC392C5D5}.Debug|x64.Build.0 = Debug|x64
		{5ADB6833-44B0-4A16-9957-EE7FC392C5D5}.Debug|x86.ActiveCfg = Debug|Win32
		{5ADB6833-44B0-4A16-9957-EE7FC392C5D5}.Debug|x86.Build.0 = Debug|Win32
		{5ADB6833-44B0-4A16-9957-EE7FC392C5D5}.Release|x64.ActiveCfg = Release|x64
		{5ADB6833-44B0-4A16-9957-EE7FC392C5D5}.Release|x64.Build.0 = Release|x64
		{5ADB6833-44B0-4A16-9957-EE7FC392C5D5}.Release|x86.ActiveCfg = Release|Win32
		{5ADB6833-44B0-4A16-9957-EE7FC392C5D5}.Release|x86.Build.0 = Release|Win32
		{A9828B45-8719-4323-BB2D-4DAE65E20B92}.Debug|x64.ActiveCfg = Debug|x64
		{A9828B45-8719-4323-BB2D-4DAE65E20B92}.Debug|x64.Build.0 = Debug|x64
		{A9828B45-8719-4323-BB2D-4DAE65E20B92}.Debug|x86.ActiveCfg = Debug|Win32
		{A9828B45-8719-4323-BB2D-4DAE65E20B92}.Debug|x86.Build.0 = Debug|Win32
		{A9828B45-8719-4323-BB2D-4DAE65E20B92}.Release|x64.ActiveCfg = Release|x64
		{A9828B45-8719-4323-BB2D-4DAE65E20B92}.Release|x64.Build.0 = Release|x64
		{A9828B45-8719-4323-BB2D-4DAE65E20B92}.Release|x86.ActiveCfg = Release|Win32
		{A9828B45-8719-4323-BB2D-4DAE65E20B92}.Release|x86.Build.0 = Release|Win32
	EndGlobalSection
	GlobalSection(SolutionProperties) = preSolution
		HideSolutionNode = FALSE
	EndGlobalSection
	GlobalSection(ExtensibilityGlobals) = postSolution
		SolutionGuid = {661F1F57-1E86-42A8-8038-178B43EF27BC}
	EndGlobalSection
EndGlobal
